PATH
  remote: .
  specs:
    publishing_platform_sidekiq (0.3.0)
      publishing_platform_api_adapters
      redis-client (>= 0.22.2)
      sidekiq (~> 7.0, < 8)

GEM
  remote: https://rubygems.org/
  specs:
    actionpack (7.2.2.1)
      actionview (= 7.2.2.1)
      activesupport (= 7.2.2.1)
      nokogiri (>= 1.8.5)
      racc
      rack (>= 2.2.4, < 3.2)
      rack-session (>= 1.0.1)
      rack-test (>= 0.6.3)
      rails-dom-testing (~> 2.2)
      rails-html-sanitizer (~> 1.6)
      useragent (~> 0.16)
    actionview (7.2.2.1)
      activesupport (= 7.2.2.1)
      builder (~> 3.1)
      erubi (~> 1.11)
      rails-dom-testing (~> 2.2)
      rails-html-sanitizer (~> 1.6)
    activesupport (7.2.2.1)
      base64
      benchmark (>= 0.3)
      bigdecimal
      concurrent-ruby (~> 1.0, >= 1.3.1)
      connection_pool (>= 2.2.5)
      drb
      i18n (>= 1.6, < 2)
      logger (>= 1.4.2)
      minitest (>= 5.1)
      securerandom (>= 0.3)
      tzinfo (~> 2.0, >= 2.0.5)
    addressable (2.8.7)
      public_suffix (>= 2.0.2, < 7.0)
    ast (2.4.2)
    base64 (0.2.0)
    benchmark (0.4.0)
    bigdecimal (3.1.9)
    builder (3.3.0)
    climate_control (1.2.0)
    concurrent-ruby (1.3.5)
    connection_pool (2.5.0)
    crass (1.0.6)
    date (3.4.1)
    diff-lcs (1.6.0)
    docile (1.4.1)
    domain_name (0.6.20240107)
    drb (2.2.1)
    erubi (1.13.1)
    http-accept (1.7.0)
    http-cookie (1.0.8)
      domain_name (~> 0.5)
    i18n (1.14.7)
      concurrent-ruby (~> 1.0)
    io-console (0.8.0)
    irb (1.15.1)
      pp (>= 0.6.0)
      rdoc (>= 4.0.0)
      reline (>= 0.4.2)
    json (2.10.1)
    language_server-protocol (3.17.0.4)
    link_header (0.0.8)
    logger (1.6.6)
    loofah (2.24.0)
      crass (~> 1.0.2)
      nokogiri (>= 1.12.0)
    mime-types (3.6.0)
      logger
      mime-types-data (~> 3.2015)
    mime-types-data (3.2025.0220)
    minitest (5.25.4)
    netrc (0.11.0)
    nokogiri (1.18.3-x86_64-linux-gnu)
      racc (~> 1.4)
    null_logger (0.0.1)
    parallel (1.26.3)
    parser (3.3.7.1)
      ast (~> 2.4.1)
      racc
    pp (0.6.2)
      prettyprint
    prettyprint (0.2.0)
    psych (5.2.3)
      date
      stringio
    public_suffix (6.0.1)
    publishing_platform_api_adapters (0.7.1)
      addressable
      link_header
      null_logger
      publishing_platform_location
      rest-client (~> 2.0)
    publishing_platform_location (0.3.0)
    publishing_platform_rubocop (0.1.0)
      rubocop (= 1.63.4)
      rubocop-ast (= 1.31.3)
      rubocop-rails (= 2.24.1)
      rubocop-rake (= 0.6.0)
      rubocop-rspec (= 2.29.2)
    racc (1.8.1)
    rack (3.1.10)
    rack-session (2.1.0)
      base64 (>= 0.1.0)
      rack (>= 3.0.0)
    rack-test (2.2.0)
      rack (>= 1.3)
    rackup (2.2.1)
      rack (>= 3)
    rails-dom-testing (2.2.0)
      activesupport (>= 5.0.0)
      minitest
      nokogiri (>= 1.6)
    rails-html-sanitizer (1.6.2)
      loofah (~> 2.21)
      nokogiri (>= 1.15.7, != 1.16.7, != 1.16.6, != 1.16.5, != 1.16.4, != 1.16.3, != 1.16.2, != 1.16.1, != 1.16.0.rc1, != 1.16.0)
    railties (7.2.2.1)
      actionpack (= 7.2.2.1)
      activesupport (= 7.2.2.1)
      irb (~> 1.13)
      rackup (>= 1.0.0)
      rake (>= 12.2)
      thor (~> 1.0, >= 1.2.2)
      zeitwerk (~> 2.6)
    rainbow (3.1.1)
    rake (13.2.1)
    rdoc (6.12.0)
      psych (>= 4.0.0)
    redis-client (0.23.2)
      connection_pool
    regexp_parser (2.10.0)
    reline (0.6.0)
      io-console (~> 0.5)
    rest-client (2.1.0)
      http-accept (>= 1.7.0, < 2.0)
      http-cookie (>= 1.0.2, < 2.0)
      mime-types (>= 1.16, < 4.0)
      netrc (~> 0.8)
    rexml (3.4.1)
    rspec (3.13.0)
      rspec-core (~> 3.13.0)
      rspec-expectations (~> 3.13.0)
      rspec-mocks (~> 3.13.0)
    rspec-core (3.13.3)
      rspec-support (~> 3.13.0)
    rspec-expectations (3.13.3)
      diff-lcs (>= 1.2.0, < 2.0)
      rspec-support (~> 3.13.0)
    rspec-mocks (3.13.2)
      diff-lcs (>= 1.2.0, < 2.0)
      rspec-support (~> 3.13.0)
    rspec-support (3.13.2)
    rubocop (1.63.4)
      json (~> 2.3)
      language_server-protocol (>= 3.17.0)
      parallel (~> 1.10)
      parser (>= 3.3.0.2)
      rainbow (>= 2.2.2, < 4.0)
      regexp_parser (>= 1.8, < 3.0)
      rexml (>= 3.2.5, < 4.0)
      rubocop-ast (>= 1.31.1, < 2.0)
      ruby-progressbar (~> 1.7)
      unicode-display_width (>= 2.4.0, < 3.0)
    rubocop-ast (1.31.3)
      parser (>= 3.3.1.0)
    rubocop-capybara (2.21.0)
      rubocop (~> 1.41)
    rubocop-factory_bot (2.26.1)
      rubocop (~> 1.61)
    rubocop-rails (2.24.1)
      activesupport (>= 4.2.0)
      rack (>= 1.1)
      rubocop (>= 1.33.0, < 2.0)
      rubocop-ast (>= 1.31.1, < 2.0)
    rubocop-rake (0.6.0)
      rubocop (~> 1.0)
    rubocop-rspec (2.29.2)
      rubocop (~> 1.40)
      rubocop-capybara (~> 2.17)
      rubocop-factory_bot (~> 2.22)
      rubocop-rspec_rails (~> 2.28)
    rubocop-rspec_rails (2.29.1)
      rubocop (~> 1.61)
    ruby-progressbar (1.13.0)
    securerandom (0.4.1)
    sidekiq (7.3.9)
      base64
      connection_pool (>= 2.3.0)
      logger
      rack (>= 2.2.4)
      redis-client (>= 0.22.2)
    simplecov (0.22.0)
      docile (~> 1.1)
      simplecov-html (~> 0.11)
      simplecov_json_formatter (~> 0.1)
    simplecov-html (0.13.1)
    simplecov_json_formatter (0.1.4)
    stringio (3.1.5)
    thor (1.3.2)
    tzinfo (2.0.6)
      concurrent-ruby (~> 1.0)
    unicode-display_width (2.6.0)
    useragent (0.16.11)
    zeitwerk (2.7.2)

PLATFORMS
  x86_64-linux

DEPENDENCIES
  climate_control
  publishing_platform_rubocop
  publishing_platform_sidekiq!
  railties (~> 7)
  rake (~> 13.0)
  rspec (~> 3.0)
  simplecov

BUNDLED WITH
   2.4.19
